{
  "name": "SmartCity",
  "lockfileVersion": 3,
  "requires": true,
  "packages": {
    "": {
      "dependencies": {
        "@fontsource/bbh-sans-hegarty": "^5.2.1"
      }
    },
    "node_modules/@fontsource/bbh-sans-hegarty": {
      "version": "5.2.1",
      "resolved": "https://registry.npmjs.org/@fontsource/bbh-sans-hegarty/-/bbh-sans-hegarty-5.2.1.tgz",
      "integrity": "sha512-EFrGklTbhLBjsdn8Xw1d0iizyhWZBsz8KZar+oz8CJou0EJjQThJBd5qhOEqDRNSgLPM7vw5ZwfTV4+Klhdq/g==",
      "license": "OFL-1.1",
      "funding": {
        "url": "https://github.com/sponsors/ayuhito"
      }
    }
  }
}
